// !$*UTF8*$!
{
	archiveVersion = 1;
	classes = {
	};
	objectVersion = 50;
	objects = {

/* Begin PBXBuildFile section */
		BD152C3026C36240002465FD /* CustomColorInHex.swift in Sources */ = {isa = PBXBuildFile; fileRef = BD152C2F26C36240002465FD /* CustomColorInHex.swift */; };
		BD152C3526C3A31B002465FD /* Sales+CoreDataClass.swift in Sources */ = {isa = PBXBuildFile; fileRef = BD152C3126C3A31B002465FD /* Sales+CoreDataClass.swift */; };
		BD152C3626C3A31B002465FD /* Sales+CoreDataProperties.swift in Sources */ = {isa = PBXBuildFile; fileRef = BD152C3226C3A31B002465FD /* Sales+CoreDataProperties.swift */; };
		BD152C3726C3A31B002465FD /* CheckOutItems+CoreDataClass.swift in Sources */ = {isa = PBXBuildFile; fileRef = BD152C3326C3A31B002465FD /* CheckOutItems+CoreDataClass.swift */; };
		BD152C3826C3A31B002465FD /* CheckOutItems+CoreDataProperties.swift in Sources */ = {isa = PBXBuildFile; fileRef = BD152C3426C3A31B002465FD /* CheckOutItems+CoreDataProperties.swift */; };
		BD1A4F2A26BE578300AECF7D /* CartItemModel.swift in Sources */ = {isa = PBXBuildFile; fileRef = BD1A4F2926BE578300AECF7D /* CartItemModel.swift */; };
		BD1E2DE426B8E56A00D4DF82 /* AppDelegate.swift in Sources */ = {isa = PBXBuildFile; fileRef = BD1E2DE326B8E56A00D4DF82 /* AppDelegate.swift */; };
		BD1E2DE626B8E56A00D4DF82 /* SceneDelegate.swift in Sources */ = {isa = PBXBuildFile; fileRef = BD1E2DE526B8E56A00D4DF82 /* SceneDelegate.swift */; };
		BD1E2DE826B8E56A00D4DF82 /* ContentView.swift in Sources */ = {isa = PBXBuildFile; fileRef = BD1E2DE726B8E56A00D4DF82 /* ContentView.swift */; };
		BD1E2DEB26B8E56A00D4DF82 /* Kahera.xcdatamodeld in Sources */ = {isa = PBXBuildFile; fileRef = BD1E2DE926B8E56A00D4DF82 /* Kahera.xcdatamodeld */; };
		BD1E2DED26B8E56B00D4DF82 /* Assets.xcassets in Resources */ = {isa = PBXBuildFile; fileRef = BD1E2DEC26B8E56B00D4DF82 /* Assets.xcassets */; };
		BD1E2DF026B8E56B00D4DF82 /* Preview Assets.xcassets in Resources */ = {isa = PBXBuildFile; fileRef = BD1E2DEF26B8E56B00D4DF82 /* Preview Assets.xcassets */; };
		BD1E2DF326B8E56B00D4DF82 /* LaunchScreen.storyboard in Resources */ = {isa = PBXBuildFile; fileRef = BD1E2DF126B8E56B00D4DF82 /* LaunchScreen.storyboard */; };
		BD1E2DFC26B8F21100D4DF82 /* ItemView.swift in Sources */ = {isa = PBXBuildFile; fileRef = BD1E2DFB26B8F21100D4DF82 /* ItemView.swift */; };
		BD1E2DFE26B8F87F00D4DF82 /* CustomFontModifiers.swift in Sources */ = {isa = PBXBuildFile; fileRef = BD1E2DFD26B8F87F00D4DF82 /* CustomFontModifiers.swift */; };
		BD1E2E0026B8FEB000D4DF82 /* ItemsContentView.swift in Sources */ = {isa = PBXBuildFile; fileRef = BD1E2DFF26B8FEB000D4DF82 /* ItemsContentView.swift */; };
		BD1E2E0226B903C300D4DF82 /* HeaderView.swift in Sources */ = {isa = PBXBuildFile; fileRef = BD1E2E0126B903C300D4DF82 /* HeaderView.swift */; };
		BD21619026CA0E70002D574F /* CustomKeyboardModifiers.swift in Sources */ = {isa = PBXBuildFile; fileRef = BD21618F26CA0E70002D574F /* CustomKeyboardModifiers.swift */; };
		BD3E5C1E26C756FC00183311 /* TransactionView.swift in Sources */ = {isa = PBXBuildFile; fileRef = BD3E5C1D26C756FC00183311 /* TransactionView.swift */; };
		BD51C13E26C4A75600B6B47D /* CheckOutView.swift in Sources */ = {isa = PBXBuildFile; fileRef = BD51C13D26C4A75600B6B47D /* CheckOutView.swift */; };
		BD89E18E26BD3F75000413EE /* AddItemView.swift in Sources */ = {isa = PBXBuildFile; fileRef = BD89E18D26BD3F75000413EE /* AddItemView.swift */; };
		BD9EDF5126BE71E700685C6F /* CartItems.swift in Sources */ = {isa = PBXBuildFile; fileRef = BD9EDF5026BE71E700685C6F /* CartItems.swift */; };
		BDA6323926C6633D00A4BE72 /* TabItemsView.swift in Sources */ = {isa = PBXBuildFile; fileRef = BDA6323826C6633D00A4BE72 /* TabItemsView.swift */; };
		BDA6323C26C6777B00A4BE72 /* SalesView.swift in Sources */ = {isa = PBXBuildFile; fileRef = BDA6323B26C6777B00A4BE72 /* SalesView.swift */; };
		BDCDAB8A26BB8D6100F48A00 /* CartItemView.swift in Sources */ = {isa = PBXBuildFile; fileRef = BDCDAB8926BB8D6100F48A00 /* CartItemView.swift */; };
		BDCDAB8C26BBA98500F48A00 /* CartContentView.swift in Sources */ = {isa = PBXBuildFile; fileRef = BDCDAB8B26BBA98500F48A00 /* CartContentView.swift */; };
		BDCDAB8E26BBB90F00F48A00 /* CartTotalView.swift in Sources */ = {isa = PBXBuildFile; fileRef = BDCDAB8D26BBB90F00F48A00 /* CartTotalView.swift */; };
		BDCDAB9026BBBA5100F48A00 /* CartHeaderView.swift in Sources */ = {isa = PBXBuildFile; fileRef = BDCDAB8F26BBBA5100F48A00 /* CartHeaderView.swift */; };
		BDCDAB9226BBBAFD00F48A00 /* CartView.swift in Sources */ = {isa = PBXBuildFile; fileRef = BDCDAB9126BBBAFD00F48A00 /* CartView.swift */; };
		BDF07FE626C8BDB600B459B2 /* CustomRedactedModifier.swift in Sources */ = {isa = PBXBuildFile; fileRef = BDF07FE526C8BDB600B459B2 /* CustomRedactedModifier.swift */; };
		BDF5EA3026B90D34003CD754 /* ItemsView.swift in Sources */ = {isa = PBXBuildFile; fileRef = BDF5EA2F26B90D34003CD754 /* ItemsView.swift */; };
		BDF5EA3226B90F89003CD754 /* EditItemView.swift in Sources */ = {isa = PBXBuildFile; fileRef = BDF5EA3126B90F89003CD754 /* EditItemView.swift */; };
/* End PBXBuildFile section */

/* Begin PBXFileReference section */
		BD152C2F26C36240002465FD /* CustomColorInHex.swift */ = {isa = PBXFileReference; lastKnownFileType = sourcecode.swift; path = CustomColorInHex.swift; sourceTree = "<group>"; };
		BD152C3126C3A31B002465FD /* Sales+CoreDataClass.swift */ = {isa = PBXFileReference; lastKnownFileType = sourcecode.swift; name = "Sales+CoreDataClass.swift"; path = "Kahera/Model/Sales+CoreDataClass.swift"; sourceTree = SOURCE_ROOT; };
		BD152C3226C3A31B002465FD /* Sales+CoreDataProperties.swift */ = {isa = PBXFileReference; lastKnownFileType = sourcecode.swift; name = "Sales+CoreDataProperties.swift"; path = "Kahera/Model/Sales+CoreDataProperties.swift"; sourceTree = SOURCE_ROOT; };
		BD152C3326C3A31B002465FD /* CheckOutItems+CoreDataClass.swift */ = {isa = PBXFileReference; lastKnownFileType = sourcecode.swift; name = "CheckOutItems+CoreDataClass.swift"; path = "Kahera/Model/CheckOutItems+CoreDataClass.swift"; sourceTree = SOURCE_ROOT; };
		BD152C3426C3A31B002465FD /* CheckOutItems+CoreDataProperties.swift */ = {isa = PBXFileReference; lastKnownFileType = sourcecode.swift; name = "CheckOutItems+CoreDataProperties.swift"; path = "Kahera/Model/CheckOutItems+CoreDataProperties.swift"; sourceTree = SOURCE_ROOT; };
		BD1A4F2926BE578300AECF7D /* CartItemModel.swift */ = {isa = PBXFileReference; lastKnownFileType = sourcecode.swift; path = CartItemModel.swift; sourceTree = "<group>"; };
		BD1E2DE026B8E56A00D4DF82 /* Kahera.app */ = {isa = PBXFileReference; explicitFileType = wrapper.application; includeInIndex = 0; path = Kahera.app; sourceTree = BUILT_PRODUCTS_DIR; };
		BD1E2DE326B8E56A00D4DF82 /* AppDelegate.swift */ = {isa = PBXFileReference; lastKnownFileType = sourcecode.swift; path = AppDelegate.swift; sourceTree = "<group>"; };
		BD1E2DE526B8E56A00D4DF82 /* SceneDelegate.swift */ = {isa = PBXFileReference; lastKnownFileType = sourcecode.swift; path = SceneDelegate.swift; sourceTree = "<group>"; };
		BD1E2DE726B8E56A00D4DF82 /* ContentView.swift */ = {isa = PBXFileReference; lastKnownFileType = sourcecode.swift; path = ContentView.swift; sourceTree = "<group>"; };
		BD1E2DEA26B8E56A00D4DF82 /* Kahera.xcdatamodel */ = {isa = PBXFileReference; lastKnownFileType = wrapper.xcdatamodel; path = Kahera.xcdatamodel; sourceTree = "<group>"; };
		BD1E2DEC26B8E56B00D4DF82 /* Assets.xcassets */ = {isa = PBXFileReference; lastKnownFileType = folder.assetcatalog; path = Assets.xcassets; sourceTree = "<group>"; };
		BD1E2DEF26B8E56B00D4DF82 /* Preview Assets.xcassets */ = {isa = PBXFileReference; lastKnownFileType = folder.assetcatalog; path = "Preview Assets.xcassets"; sourceTree = "<group>"; };
		BD1E2DF226B8E56B00D4DF82 /* Base */ = {isa = PBXFileReference; lastKnownFileType = file.storyboard; name = Base; path = Base.lproj/LaunchScreen.storyboard; sourceTree = "<group>"; };
		BD1E2DF426B8E56B00D4DF82 /* Info.plist */ = {isa = PBXFileReference; lastKnownFileType = text.plist.xml; path = Info.plist; sourceTree = "<group>"; };
		BD1E2DFA26B8E61600D4DF82 /* Kahera.entitlements */ = {isa = PBXFileReference; lastKnownFileType = text.plist.entitlements; path = Kahera.entitlements; sourceTree = "<group>"; };
		BD1E2DFB26B8F21100D4DF82 /* ItemView.swift */ = {isa = PBXFileReference; lastKnownFileType = sourcecode.swift; path = ItemView.swift; sourceTree = "<group>"; };
		BD1E2DFD26B8F87F00D4DF82 /* CustomFontModifiers.swift */ = {isa = PBXFileReference; lastKnownFileType = sourcecode.swift; path = CustomFontModifiers.swift; sourceTree = "<group>"; };
		BD1E2DFF26B8FEB000D4DF82 /* ItemsContentView.swift */ = {isa = PBXFileReference; lastKnownFileType = sourcecode.swift; path = ItemsContentView.swift; sourceTree = "<group>"; };
		BD1E2E0126B903C300D4DF82 /* HeaderView.swift */ = {isa = PBXFileReference; lastKnownFileType = sourcecode.swift; path = HeaderView.swift; sourceTree = "<group>"; };
		BD21618F26CA0E70002D574F /* CustomKeyboardModifiers.swift */ = {isa = PBXFileReference; lastKnownFileType = sourcecode.swift; path = CustomKeyboardModifiers.swift; sourceTree = "<group>"; };
		BD3E5C1D26C756FC00183311 /* TransactionView.swift */ = {isa = PBXFileReference; lastKnownFileType = sourcecode.swift; path = TransactionView.swift; sourceTree = "<group>"; };
		BD51C13D26C4A75600B6B47D /* CheckOutView.swift */ = {isa = PBXFileReference; lastKnownFileType = sourcecode.swift; path = CheckOutView.swift; sourceTree = "<group>"; };
		BD89E18D26BD3F75000413EE /* AddItemView.swift */ = {isa = PBXFileReference; lastKnownFileType = sourcecode.swift; path = AddItemView.swift; sourceTree = "<group>"; };
		BD9EDF5026BE71E700685C6F /* CartItems.swift */ = {isa = PBXFileReference; lastKnownFileType = sourcecode.swift; path = CartItems.swift; sourceTree = "<group>"; };
		BDA6323826C6633D00A4BE72 /* TabItemsView.swift */ = {isa = PBXFileReference; lastKnownFileType = sourcecode.swift; path = TabItemsView.swift; sourceTree = "<group>"; };
		BDA6323B26C6777B00A4BE72 /* SalesView.swift */ = {isa = PBXFileReference; lastKnownFileType = sourcecode.swift; path = SalesView.swift; sourceTree = "<group>"; };
		BDCDAB8926BB8D6100F48A00 /* CartItemView.swift */ = {isa = PBXFileReference; lastKnownFileType = sourcecode.swift; path = CartItemView.swift; sourceTree = "<group>"; };
		BDCDAB8B26BBA98500F48A00 /* CartContentView.swift */ = {isa = PBXFileReference; lastKnownFileType = sourcecode.swift; path = CartContentView.swift; sourceTree = "<group>"; };
		BDCDAB8D26BBB90F00F48A00 /* CartTotalView.swift */ = {isa = PBXFileReference; lastKnownFileType = sourcecode.swift; path = CartTotalView.swift; sourceTree = "<group>"; };
		BDCDAB8F26BBBA5100F48A00 /* CartHeaderView.swift */ = {isa = PBXFileReference; lastKnownFileType = sourcecode.swift; path = CartHeaderView.swift; sourceTree = "<group>"; };
		BDCDAB9126BBBAFD00F48A00 /* CartView.swift */ = {isa = PBXFileReference; lastKnownFileType = sourcecode.swift; path = CartView.swift; sourceTree = "<group>"; };
		BDF07FE526C8BDB600B459B2 /* CustomRedactedModifier.swift */ = {isa = PBXFileReference; fileEncoding = 4; lastKnownFileType = sourcecode.swift; path = CustomRedactedModifier.swift; sourceTree = "<group>"; };
		BDF5EA2F26B90D34003CD754 /* ItemsView.swift */ = {isa = PBXFileReference; lastKnownFileType = sourcecode.swift; path = ItemsView.swift; sourceTree = "<group>"; };
		BDF5EA3126B90F89003CD754 /* EditItemView.swift */ = {isa = PBXFileReference; lastKnownFileType = sourcecode.swift; path = EditItemView.swift; sourceTree = "<group>"; };
/* End PBXFileReference section */

/* Begin PBXFrameworksBuildPhase section */
		BD1E2DDD26B8E56A00D4DF82 /* Frameworks */ = {
			isa = PBXFrameworksBuildPhase;
			buildActionMask = 2147483647;
			files = (
			);
			runOnlyForDeploymentPostprocessing = 0;
		};
/* End PBXFrameworksBuildPhase section */

/* Begin PBXGroup section */
		BD1E2DD726B8E56A00D4DF82 = {
			isa = PBXGroup;
			children = (
				BD1E2DE226B8E56A00D4DF82 /* Kahera */,
				BD1E2DE126B8E56A00D4DF82 /* Products */,
			);
			sourceTree = "<group>";
		};
		BD1E2DE126B8E56A00D4DF82 /* Products */ = {
			isa = PBXGroup;
			children = (
				BD1E2DE026B8E56A00D4DF82 /* Kahera.app */,
			);
			name = Products;
			sourceTree = "<group>";
		};
		BD1E2DE226B8E56A00D4DF82 /* Kahera */ = {
			isa = PBXGroup;
			children = (
				BD1E2DFA26B8E61600D4DF82 /* Kahera.entitlements */,
				BD1E2DE326B8E56A00D4DF82 /* AppDelegate.swift */,
				BD1E2DE526B8E56A00D4DF82 /* SceneDelegate.swift */,
				BDB3DDEA26C0CD08003C8DE7 /* Model */,
				BDB3DDEB26C0CD34003C8DE7 /* ViewModel */,
				BDCDAB9526BBC18900F48A00 /* View */,
				BD414A9126C2841E00648E4B /* Modifiers */,
				BD1E2DEC26B8E56B00D4DF82 /* Assets.xcassets */,
				BD1E2DF126B8E56B00D4DF82 /* LaunchScreen.storyboard */,
				BD1E2DF426B8E56B00D4DF82 /* Info.plist */,
				BD1E2DEE26B8E56B00D4DF82 /* Preview Content */,
			);
			path = Kahera;
			sourceTree = "<group>";
		};
		BD1E2DEE26B8E56B00D4DF82 /* Preview Content */ = {
			isa = PBXGroup;
			children = (
				BD1E2DEF26B8E56B00D4DF82 /* Preview Assets.xcassets */,
			);
			path = "Preview Content";
			sourceTree = "<group>";
		};
		BD414A9126C2841E00648E4B /* Modifiers */ = {
			isa = PBXGroup;
			children = (
				BDF07FE526C8BDB600B459B2 /* CustomRedactedModifier.swift */,
				BD1E2DFD26B8F87F00D4DF82 /* CustomFontModifiers.swift */,
				BD21618F26CA0E70002D574F /* CustomKeyboardModifiers.swift */,
				BD152C2F26C36240002465FD /* CustomColorInHex.swift */,
			);
			path = Modifiers;
			sourceTree = "<group>";
		};
		BDA6323A26C6774000A4BE72 /* Sales */ = {
			isa = PBXGroup;
			children = (
				BDA6323B26C6777B00A4BE72 /* SalesView.swift */,
				BD3E5C1D26C756FC00183311 /* TransactionView.swift */,
			);
			path = Sales;
			sourceTree = "<group>";
		};
		BDB3DDEA26C0CD08003C8DE7 /* Model */ = {
			isa = PBXGroup;
			children = (
				BD1E2DE926B8E56A00D4DF82 /* Kahera.xcdatamodeld */,
				BD152C3126C3A31B002465FD /* Sales+CoreDataClass.swift */,
				BD152C3226C3A31B002465FD /* Sales+CoreDataProperties.swift */,
				BD152C3326C3A31B002465FD /* CheckOutItems+CoreDataClass.swift */,
				BD152C3426C3A31B002465FD /* CheckOutItems+CoreDataProperties.swift */,
				BD1A4F2926BE578300AECF7D /* CartItemModel.swift */,
			);
			path = Model;
			sourceTree = "<group>";
		};
		BDB3DDEB26C0CD34003C8DE7 /* ViewModel */ = {
			isa = PBXGroup;
			children = (
				BD9EDF5026BE71E700685C6F /* CartItems.swift */,
			);
			path = ViewModel;
			sourceTree = "<group>";
		};
		BDCDAB9326BBBDB000F48A00 /* Cart */ = {
			isa = PBXGroup;
			children = (
				BDCDAB8F26BBBA5100F48A00 /* CartHeaderView.swift */,
				BDCDAB8926BB8D6100F48A00 /* CartItemView.swift */,
				BDCDAB8B26BBA98500F48A00 /* CartContentView.swift */,
				BDCDAB8D26BBB90F00F48A00 /* CartTotalView.swift */,
				BD51C13D26C4A75600B6B47D /* CheckOutView.swift */,
				BDCDAB9126BBBAFD00F48A00 /* CartView.swift */,
			);
			path = Cart;
			sourceTree = "<group>";
		};
		BDCDAB9426BBBDD300F48A00 /* Items */ = {
			isa = PBXGroup;
			children = (
				BD1E2DFB26B8F21100D4DF82 /* ItemView.swift */,
				BD1E2DFF26B8FEB000D4DF82 /* ItemsContentView.swift */,
				BD1E2E0126B903C300D4DF82 /* HeaderView.swift */,
				BD89E18D26BD3F75000413EE /* AddItemView.swift */,
				BDF5EA3126B90F89003CD754 /* EditItemView.swift */,
				BDF5EA2F26B90D34003CD754 /* ItemsView.swift */,
			);
			path = Items;
			sourceTree = "<group>";
		};
		BDCDAB9526BBC18900F48A00 /* View */ = {
			isa = PBXGroup;
			children = (
				BD1E2DE726B8E56A00D4DF82 /* ContentView.swift */,
				BDA6323826C6633D00A4BE72 /* TabItemsView.swift */,
				BDA6323A26C6774000A4BE72 /* Sales */,
				BDCDAB9426BBBDD300F48A00 /* Items */,
				BDCDAB9326BBBDB000F48A00 /* Cart */,
			);
			path = View;
			sourceTree = "<group>";
		};
/* End PBXGroup section */

/* Begin PBXNativeTarget section */
		BD1E2DDF26B8E56A00D4DF82 /* Kahera */ = {
			isa = PBXNativeTarget;
			buildConfigurationList = BD1E2DF726B8E56B00D4DF82 /* Build configuration list for PBXNativeTarget "Kahera" */;
			buildPhases = (
				BD1E2DDC26B8E56A00D4DF82 /* Sources */,
				BD1E2DDD26B8E56A00D4DF82 /* Frameworks */,
				BD1E2DDE26B8E56A00D4DF82 /* Resources */,
			);
			buildRules = (
			);
			dependencies = (
			);
			name = Kahera;
			productName = Kahera;
			productReference = BD1E2DE026B8E56A00D4DF82 /* Kahera.app */;
			productType = "com.apple.product-type.application";
		};
/* End PBXNativeTarget section */

/* Begin PBXProject section */
		BD1E2DD826B8E56A00D4DF82 /* Project object */ = {
			isa = PBXProject;
			attributes = {
				LastSwiftUpdateCheck = 1250;
				LastUpgradeCheck = 1250;
				TargetAttributes = {
					BD1E2DDF26B8E56A00D4DF82 = {
						CreatedOnToolsVersion = 12.5.1;
					};
				};
			};
			buildConfigurationList = BD1E2DDB26B8E56A00D4DF82 /* Build configuration list for PBXProject "Kahera" */;
			compatibilityVersion = "Xcode 9.3";
			developmentRegion = en;
			hasScannedForEncodings = 0;
			knownRegions = (
				en,
				Base,
			);
			mainGroup = BD1E2DD726B8E56A00D4DF82;
			productRefGroup = BD1E2DE126B8E56A00D4DF82 /* Products */;
			projectDirPath = "";
			projectRoot = "";
			targets = (
				BD1E2DDF26B8E56A00D4DF82 /* Kahera */,
			);
		};
/* End PBXProject section */

/* Begin PBXResourcesBuildPhase section */
		BD1E2DDE26B8E56A00D4DF82 /* Resources */ = {
			isa = PBXResourcesBuildPhase;
			buildActionMask = 2147483647;
			files = (
				BD1E2DF326B8E56B00D4DF82 /* LaunchScreen.storyboard in Resources */,
				BD1E2DF026B8E56B00D4DF82 /* Preview Assets.xcassets in Resources */,
				BD1E2DED26B8E56B00D4DF82 /* Assets.xcassets in Resources */,
			);
			runOnlyForDeploymentPostprocessing = 0;
		};
/* End PBXResourcesBuildPhase section */

/* Begin PBXSourcesBuildPhase section */
		BD1E2DDC26B8E56A00D4DF82 /* Sources */ = {
			isa = PBXSourcesBuildPhase;
			buildActionMask = 2147483647;
			files = (
				BDCDAB9226BBBAFD00F48A00 /* CartView.swift in Sources */,
				BDCDAB8E26BBB90F00F48A00 /* CartTotalView.swift in Sources */,
				BDCDAB8C26BBA98500F48A00 /* CartContentView.swift in Sources */,
				BD152C3826C3A31B002465FD /* CheckOutItems+CoreDataProperties.swift in Sources */,
				BD152C3626C3A31B002465FD /* Sales+CoreDataProperties.swift in Sources */,
				BDF07FE626C8BDB600B459B2 /* CustomRedactedModifier.swift in Sources */,
				BDCDAB8A26BB8D6100F48A00 /* CartItemView.swift in Sources */,
				BDCDAB9026BBBA5100F48A00 /* CartHeaderView.swift in Sources */,
				BD1E2DE426B8E56A00D4DF82 /* AppDelegate.swift in Sources */,
				BD3E5C1E26C756FC00183311 /* TransactionView.swift in Sources */,
				BD152C3026C36240002465FD /* CustomColorInHex.swift in Sources */,
				BD9EDF5126BE71E700685C6F /* CartItems.swift in Sources */,
				BDF5EA3026B90D34003CD754 /* ItemsView.swift in Sources */,
				BD1E2DE626B8E56A00D4DF82 /* SceneDelegate.swift in Sources */,
				BD21619026CA0E70002D574F /* CustomKeyboardModifiers.swift in Sources */,
				BD1E2E0026B8FEB000D4DF82 /* ItemsContentView.swift in Sources */,
				BD1A4F2A26BE578300AECF7D /* CartItemModel.swift in Sources */,
				BD1E2DE826B8E56A00D4DF82 /* ContentView.swift in Sources */,
				BDA6323C26C6777B00A4BE72 /* SalesView.swift in Sources */,
				BD51C13E26C4A75600B6B47D /* CheckOutView.swift in Sources */,
				BD1E2DFE26B8F87F00D4DF82 /* CustomFontModifiers.swift in Sources */,
				BD1E2DFC26B8F21100D4DF82 /* ItemView.swift in Sources */,
				BDF5EA3226B90F89003CD754 /* EditItemView.swift in Sources */,
				BD1E2DEB26B8E56A00D4DF82 /* Kahera.xcdatamodeld in Sources */,
				BDA6323926C6633D00A4BE72 /* TabItemsView.swift in Sources */,
				BD1E2E0226B903C300D4DF82 /* HeaderView.swift in Sources */,
				BD89E18E26BD3F75000413EE /* AddItemView.swift in Sources */,
				BD152C3526C3A31B002465FD /* Sales+CoreDataClass.swift in Sources */,
				BD152C3726C3A31B002465FD /* CheckOutItems+CoreDataClass.swift in Sources */,
			);
			runOnlyForDeploymentPostprocessing = 0;
		};
/* End PBXSourcesBuildPhase section */

/* Begin PBXVariantGroup section */
		BD1E2DF126B8E56B00D4DF82 /* LaunchScreen.storyboard */ = {
			isa = PBXVariantGroup;
			children = (
				BD1E2DF226B8E56B00D4DF82 /* Base */,
			);
			name = LaunchScreen.storyboard;
			sourceTree = "<group>";
		};
/* End PBXVariantGroup section */

/* Begin XCBuildConfiguration section */
		BD1E2DF526B8E56B00D4DF82 /* Debug */ = {
			isa = XCBuildConfiguration;
			buildSettings = {
				ALWAYS_SEARCH_USER_PATHS = NO;
				CLANG_ANALYZER_NONNULL = YES;
				CLANG_ANALYZER_NUMBER_OBJECT_CONVERSION = YES_AGGRESSIVE;
				CLANG_CXX_LANGUAGE_STANDARD = "gnu++14";
				CLANG_CXX_LIBRARY = "libc++";
				CLANG_ENABLE_MODULES = YES;
				CLANG_ENABLE_OBJC_ARC = YES;
				CLANG_ENABLE_OBJC_WEAK = YES;
				CLANG_WARN_BLOCK_CAPTURE_AUTORELEASING = YES;
				CLANG_WARN_BOOL_CONVERSION = YES;
				CLANG_WARN_COMMA = YES;
				CLANG_WARN_CONSTANT_CONVERSION = YES;
				CLANG_WARN_DEPRECATED_OBJC_IMPLEMENTATIONS = YES;
				CLANG_WARN_DIRECT_OBJC_ISA_USAGE = YES_ERROR;
				CLANG_WARN_DOCUMENTATION_COMMENTS = YES;
				CLANG_WARN_EMPTY_BODY = YES;
				CLANG_WARN_ENUM_CONVERSION = YES;
				CLANG_WARN_INFINITE_RECURSION = YES;
				CLANG_WARN_INT_CONVERSION = YES;
				CLANG_WARN_NON_LITERAL_NULL_CONVERSION = YES;
				CLANG_WARN_OBJC_IMPLICIT_RETAIN_SELF = YES;
				CLANG_WARN_OBJC_LITERAL_CONVERSION = YES;
				CLANG_WARN_OBJC_ROOT_CLASS = YES_ERROR;
				CLANG_WARN_QUOTED_INCLUDE_IN_FRAMEWORK_HEADER = YES;
				CLANG_WARN_RANGE_LOOP_ANALYSIS = YES;
				CLANG_WARN_STRICT_PROTOTYPES = YES;
				CLANG_WARN_SUSPICIOUS_MOVE = YES;
				CLANG_WARN_UNGUARDED_AVAILABILITY = YES_AGGRESSIVE;
				CLANG_WARN_UNREACHABLE_CODE = YES;
				CLANG_WARN__DUPLICATE_METHOD_MATCH = YES;
				COPY_PHASE_STRIP = NO;
				DEBUG_INFORMATION_FORMAT = dwarf;
				ENABLE_STRICT_OBJC_MSGSEND = YES;
				ENABLE_TESTABILITY = YES;
				GCC_C_LANGUAGE_STANDARD = gnu11;
				GCC_DYNAMIC_NO_PIC = NO;
				GCC_NO_COMMON_BLOCKS = YES;
				GCC_OPTIMIZATION_LEVEL = 0;
				GCC_PREPROCESSOR_DEFINITIONS = (
					"DEBUG=1",
					"$(inherited)",
				);
				GCC_WARN_64_TO_32_BIT_CONVERSION = YES;
				GCC_WARN_ABOUT_RETURN_TYPE = YES_ERROR;
				GCC_WARN_UNDECLARED_SELECTOR = YES;
				GCC_WARN_UNINITIALIZED_AUTOS = YES_AGGRESSIVE;
				GCC_WARN_UNUSED_FUNCTION = YES;
				GCC_WARN_UNUSED_VARIABLE = YES;
				IPHONEOS_DEPLOYMENT_TARGET = 14.0;
				MTL_ENABLE_DEBUG_INFO = INCLUDE_SOURCE;
				MTL_FAST_MATH = YES;
				ONLY_ACTIVE_ARCH = YES;
				SDKROOT = iphoneos;
				SWIFT_ACTIVE_COMPILATION_CONDITIONS = DEBUG;
				SWIFT_OPTIMIZATION_LEVEL = "-Onone";
			};
			name = Debug;
		};
		BD1E2DF626B8E56B00D4DF82 /* Release */ = {
			isa = XCBuildConfiguration;
			buildSettings = {
				ALWAYS_SEARCH_USER_PATHS = NO;
				CLANG_ANALYZER_NONNULL = YES;
				CLANG_ANALYZER_NUMBER_OBJECT_CONVERSION = YES_AGGRESSIVE;
				CLANG_CXX_LANGUAGE_STANDARD = "gnu++14";
				CLANG_CXX_LIBRARY = "libc++";
				CLANG_ENABLE_MODULES = YES;
				CLANG_ENABLE_OBJC_ARC = YES;
				CLANG_ENABLE_OBJC_WEAK = YES;
				CLANG_WARN_BLOCK_CAPTURE_AUTORELEASING = YES;
				CLANG_WARN_BOOL_CONVERSION = YES;
				CLANG_WARN_COMMA = YES;
				CLANG_WARN_CONSTANT_CONVERSION = YES;
				CLANG_WARN_DEPRECATED_OBJC_IMPLEMENTATIONS = YES;
				CLANG_WARN_DIRECT_OBJC_ISA_USAGE = YES_ERROR;
				CLANG_WARN_DOCUMENTATION_COMMENTS = YES;
				CLANG_WARN_EMPTY_BODY = YES;
				CLANG_WARN_ENUM_CONVERSION = YES;
				CLANG_WARN_INFINITE_RECURSION = YES;
				CLANG_WARN_INT_CONVERSION = YES;
				CLANG_WARN_NON_LITERAL_NULL_CONVERSION = YES;
				CLANG_WARN_OBJC_IMPLICIT_RETAIN_SELF = YES;
				CLANG_WARN_OBJC_LITERAL_CONVERSION = YES;
				CLANG_WARN_OBJC_ROOT_CLASS = YES_ERROR;
				CLANG_WARN_QUOTED_INCLUDE_IN_FRAMEWORK_HEADER = YES;
				CLANG_WARN_RANGE_LOOP_ANALYSIS = YES;
				CLANG_WARN_STRICT_PROTOTYPES = YES;
				CLANG_WARN_SUSPICIOUS_MOVE = YES;
				CLANG_WARN_UNGUARDED_AVAILABILITY = YES_AGGRESSIVE;
				CLANG_WARN_UNREACHABLE_CODE = YES;
				CLANG_WARN__DUPLICATE_METHOD_MATCH = YES;
				COPY_PHASE_STRIP = NO;
				DEBUG_INFORMATION_FORMAT = "dwarf-with-dsym";
				ENABLE_NS_ASSERTIONS = NO;
				ENABLE_STRICT_OBJC_MSGSEND = YES;
				GCC_C_LANGUAGE_STANDARD = gnu11;
				GCC_NO_COMMON_BLOCKS = YES;
				GCC_WARN_64_TO_32_BIT_CONVERSION = YES;
				GCC_WARN_ABOUT_RETURN_TYPE = YES_ERROR;
				GCC_WARN_UNDECLARED_SELECTOR = YES;
				GCC_WARN_UNINITIALIZED_AUTOS = YES_AGGRESSIVE;
				GCC_WARN_UNUSED_FUNCTION = YES;
				GCC_WARN_UNUSED_VARIABLE = YES;
				IPHONEOS_DEPLOYMENT_TARGET = 14.0;
				MTL_ENABLE_DEBUG_INFO = NO;
				MTL_FAST_MATH = YES;
				SDKROOT = iphoneos;
				SWIFT_COMPILATION_MODE = wholemodule;
				SWIFT_OPTIMIZATION_LEVEL = "-O";
				VALIDATE_PRODUCT = YES;
			};
			name = Release;
		};
		BD1E2DF826B8E56B00D4DF82 /* Debug */ = {
			isa = XCBuildConfiguration;
			buildSettings = {
				ASSETCATALOG_COMPILER_APPICON_NAME = AppIcon;
				ASSETCATALOG_COMPILER_GLOBAL_ACCENT_COLOR_NAME = AccentColor;
				CODE_SIGN_ENTITLEMENTS = Kahera/Kahera.entitlements;
				"CODE_SIGN_IDENTITY[sdk=macosx*]" = "Apple Development";
				CODE_SIGN_STYLE = Automatic;
				DEVELOPMENT_ASSET_PATHS = "\"Kahera/Preview Content\"";
				DEVELOPMENT_TEAM = 82VLD4N55H;
				ENABLE_PREVIEWS = YES;
				INFOPLIST_FILE = Kahera/Info.plist;
				IPHONEOS_DEPLOYMENT_TARGET = 14.0;
				LD_RUNPATH_SEARCH_PATHS = (
					"$(inherited)",
					"@executable_path/Frameworks",
				);
				PRODUCT_BUNDLE_IDENTIFIER = com.vincio.Kahera;
				"PRODUCT_BUNDLE_IDENTIFIER[sdk=macosx*]" = "";
				PRODUCT_NAME = "$(TARGET_NAME)";
				SUPPORTS_MACCATALYST = YES;
				SUPPORTS_MAC_DESIGNED_FOR_IPHONE_IPAD = YES;
				SWIFT_VERSION = 5.0;
				TARGETED_DEVICE_FAMILY = "2,6";
			};
			name = Debug;
		};
		BD1E2DF926B8E56B00D4DF82 /* Release */ = {
			isa = XCBuildConfiguration;
			buildSettings = {
				ASSETCATALOG_COMPILER_APPICON_NAME = AppIcon;
				ASSETCATALOG_COMPILER_GLOBAL_ACCENT_COLOR_NAME = AccentColor;
				CODE_SIGN_ENTITLEMENTS = Kahera/Kahera.entitlements;
				"CODE_SIGN_IDENTITY[sdk=macosx*]" = "Apple Development";
				CODE_SIGN_STYLE = Automatic;
				DEVELOPMENT_ASSET_PATHS = "\"Kahera/Preview Content\"";
				DEVELOPMENT_TEAM = 82VLD4N55H;
				ENABLE_PREVIEWS = YES;
				INFOPLIST_FILE = Kahera/Info.plist;
				IPHONEOS_DEPLOYMENT_TARGET = 14.0;
				LD_RUNPATH_SEARCH_PATHS = (
					"$(inherited)",
					"@executable_path/Frameworks",
				);
				PRODUCT_BUNDLE_IDENTIFIER = com.vincio.Kahera;
				"PRODUCT_BUNDLE_IDENTIFIER[sdk=macosx*]" = "";
				PRODUCT_NAME = "$(TARGET_NAME)";
				SUPPORTS_MACCATALYST = YES;
				SUPPORTS_MAC_DESIGNED_FOR_IPHONE_IPAD = YES;
				SWIFT_VERSION = 5.0;
				TARGETED_DEVICE_FAMILY = "2,6";
			};
			name = Release;
		};
/* End XCBuildConfiguration section */

/* Begin XCConfigurationList section */
		BD1E2DDB26B8E56A00D4DF82 /* Build configuration list for PBXProject "Kahera" */ = {
			isa = XCConfigurationList;
			buildConfigurations = (
				BD1E2DF526B8E56B00D4DF82 /* Debug */,
				BD1E2DF626B8E56B00D4DF82 /* Release */,
			);
			defaultConfigurationIsVisible = 0;
			defaultConfigurationName = Release;
		};
		BD1E2DF726B8E56B00D4DF82 /* Build configuration list for PBXNativeTarget "Kahera" */ = {
			isa = XCConfigurationList;
			buildConfigurations = (
				BD1E2DF826B8E56B00D4DF82 /* Debug */,
				BD1E2DF926B8E56B00D4DF82 /* Release */,
			);
			defaultConfigurationIsVisible = 0;
			defaultConfigurationName = Release;
		};
/* End XCConfigurationList section */

/* Begin XCVersionGroup section */
		BD1E2DE926B8E56A00D4DF82 /* Kahera.xcdatamodeld */ = {
			isa = XCVersionGroup;
			children = (
				BD1E2DEA26B8E56A00D4DF82 /* Kahera.xcdatamodel */,
			);
			currentVersion = BD1E2DEA26B8E56A00D4DF82 /* Kahera.xcdatamodel */;
			path = Kahera.xcdatamodeld;
			sourceTree = "<group>";
			versionGroupType = wrapper.xcdatamodel;
		};
/* End XCVersionGroup section */
	};
	rootObject = BD1E2DD826B8E56A00D4DF82 /* Project object */;
}
